
Microsoft Visual Studio Solution File, Format Version 12.00
# Visual Studio Version 16
VisualStudioVersion = 16.0.29920.165
MinimumVisualStudioVersion = 10.0.40219.1
Project("{FAE04EC0-301F-11D3-BF4B-00C04F79EFBC}") = "atividade4", "atividade4\atividade4.csproj", "{983C7E45-9D26-44EA-9967-85080012F3D2}"
EndProject
Global
	GlobalSection(SolutionConfigurationPlatforms) = preSolution
		Debug|Any CPU = Debug|Any CPU
		Release|Any CPU = Release|Any CPU
	EndGlobalSection
	GlobalSection(ProjectConfigurationPlatforms) = postSolution
		{983C7E45-9D26-44EA-9967-85080012F3D2}.Debug|Any CPU.ActiveCfg = Debug|Any CPU
		{983C7E45-9D26-44EA-9967-85080012F3D2}.Debug|Any CPU.Build.0 = Debug|Any CPU
		{983C7E45-9D26-44EA-9967-85080012F3D2}.Release|Any CPU.ActiveCfg = Release|Any CPU
		{983C7E45-9D26-44EA-9967-85080012F3D2}.Release|Any CPU.Build.0 = Release|Any CPU
	EndGlobalSection
	GlobalSection(SolutionProperties) = preSolution
		HideSolutionNode = FALSE
	EndGlobalSection
	GlobalSection(ExtensibilityGlobals) = postSolution
		SolutionGuid = {A178F964-4BF6-4174-A411-880DC72079F1}
	EndGlobalSection
EndGlobal
