<<<<<<< HEAD
﻿
Microsoft Visual Studio Solution File, Format Version 12.00
# Visual Studio Version 16
VisualStudioVersion = 16.0.29920.165
MinimumVisualStudioVersion = 10.0.40219.1
Project("{FAE04EC0-301F-11D3-BF4B-00C04F79EFBC}") = "atividade3", "atividade3\atividade3.csproj", "{02AC86A6-00E6-4C2F-91D5-146FE39CFE08}"
EndProject
Global
	GlobalSection(SolutionConfigurationPlatforms) = preSolution
		Debug|Any CPU = Debug|Any CPU
		Release|Any CPU = Release|Any CPU
	EndGlobalSection
	GlobalSection(ProjectConfigurationPlatforms) = postSolution
		{02AC86A6-00E6-4C2F-91D5-146FE39CFE08}.Debug|Any CPU.ActiveCfg = Debug|Any CPU
		{02AC86A6-00E6-4C2F-91D5-146FE39CFE08}.Debug|Any CPU.Build.0 = Debug|Any CPU
		{02AC86A6-00E6-4C2F-91D5-146FE39CFE08}.Release|Any CPU.ActiveCfg = Release|Any CPU
		{02AC86A6-00E6-4C2F-91D5-146FE39CFE08}.Release|Any CPU.Build.0 = Release|Any CPU
	EndGlobalSection
	GlobalSection(SolutionProperties) = preSolution
		HideSolutionNode = FALSE
	EndGlobalSection
	GlobalSection(ExtensibilityGlobals) = postSolution
		SolutionGuid = {974A0EBA-0F25-4247-AD0E-C5140382655B}
	EndGlobalSection
EndGlobal
=======
﻿
Microsoft Visual Studio Solution File, Format Version 12.00
# Visual Studio Version 16
VisualStudioVersion = 16.0.29920.165
MinimumVisualStudioVersion = 10.0.40219.1
Project("{FAE04EC0-301F-11D3-BF4B-00C04F79EFBC}") = "atividade3", "atividade3\atividade3.csproj", "{02AC86A6-00E6-4C2F-91D5-146FE39CFE08}"
EndProject
Global
	GlobalSection(SolutionConfigurationPlatforms) = preSolution
		Debug|Any CPU = Debug|Any CPU
		Release|Any CPU = Release|Any CPU
	EndGlobalSection
	GlobalSection(ProjectConfigurationPlatforms) = postSolution
		{02AC86A6-00E6-4C2F-91D5-146FE39CFE08}.Debug|Any CPU.ActiveCfg = Debug|Any CPU
		{02AC86A6-00E6-4C2F-91D5-146FE39CFE08}.Debug|Any CPU.Build.0 = Debug|Any CPU
		{02AC86A6-00E6-4C2F-91D5-146FE39CFE08}.Release|Any CPU.ActiveCfg = Release|Any CPU
		{02AC86A6-00E6-4C2F-91D5-146FE39CFE08}.Release|Any CPU.Build.0 = Release|Any CPU
	EndGlobalSection
	GlobalSection(SolutionProperties) = preSolution
		HideSolutionNode = FALSE
	EndGlobalSection
	GlobalSection(ExtensibilityGlobals) = postSolution
		SolutionGuid = {974A0EBA-0F25-4247-AD0E-C5140382655B}
	EndGlobalSection
EndGlobal
>>>>>>> 6224b6ceb64bb36339e4e26cbd8f65ab1dd72395
