
Microsoft Visual Studio Solution File, Format Version 12.00
# Visual Studio Version 16
VisualStudioVersion = 16.0.30011.22
MinimumVisualStudioVersion = 10.0.40219.1
Project("{FAE04EC0-301F-11D3-BF4B-00C04F79EFBC}") = "PAluno", "PAluno\PAluno.csproj", "{5217C3B9-76FE-4F10-9BB4-DC413001117D}"
EndProject
Global
	GlobalSection(SolutionConfigurationPlatforms) = preSolution
		Debug|Any CPU = Debug|Any CPU
		Release|Any CPU = Release|Any CPU
	EndGlobalSection
	GlobalSection(ProjectConfigurationPlatforms) = postSolution
		{5217C3B9-76FE-4F10-9BB4-DC413001117D}.Debug|Any CPU.ActiveCfg = Debug|Any CPU
		{5217C3B9-76FE-4F10-9BB4-DC413001117D}.Debug|Any CPU.Build.0 = Debug|Any CPU
		{5217C3B9-76FE-4F10-9BB4-DC413001117D}.Release|Any CPU.ActiveCfg = Release|Any CPU
		{5217C3B9-76FE-4F10-9BB4-DC413001117D}.Release|Any CPU.Build.0 = Release|Any CPU
	EndGlobalSection
	GlobalSection(SolutionProperties) = preSolution
		HideSolutionNode = FALSE
	EndGlobalSection
	GlobalSection(ExtensibilityGlobals) = postSolution
		SolutionGuid = {72CD73E2-82B0-4E32-B8B6-73DF76929FBB}
	EndGlobalSection
EndGlobal
