
Microsoft Visual Studio Solution File, Format Version 12.00
# Visual Studio Version 16
VisualStudioVersion = 16.0.30011.22
MinimumVisualStudioVersion = 10.0.40219.1
Project("{FAE04EC0-301F-11D3-BF4B-00C04F79EFBC}") = "WindowsFormsApp1", "WindowsFormsApp1\WindowsFormsApp1.csproj", "{ED283A0B-479C-4B1D-8C80-C03516F76379}"
EndProject
Global
	GlobalSection(SolutionConfigurationPlatforms) = preSolution
		Debug|Any CPU = Debug|Any CPU
		Release|Any CPU = Release|Any CPU
	EndGlobalSection
	GlobalSection(ProjectConfigurationPlatforms) = postSolution
		{ED283A0B-479C-4B1D-8C80-C03516F76379}.Debug|Any CPU.ActiveCfg = Debug|Any CPU
		{ED283A0B-479C-4B1D-8C80-C03516F76379}.Debug|Any CPU.Build.0 = Debug|Any CPU
		{ED283A0B-479C-4B1D-8C80-C03516F76379}.Release|Any CPU.ActiveCfg = Release|Any CPU
		{ED283A0B-479C-4B1D-8C80-C03516F76379}.Release|Any CPU.Build.0 = Release|Any CPU
	EndGlobalSection
	GlobalSection(SolutionProperties) = preSolution
		HideSolutionNode = FALSE
	EndGlobalSection
	GlobalSection(ExtensibilityGlobals) = postSolution
		SolutionGuid = {DBFC10EA-5525-473E-B428-13D29A2840C9}
	EndGlobalSection
EndGlobal
